# THIS IS AN AUTOGENERATED FILE. DO NOT EDIT THIS FILE DIRECTLY.
# yarn lockfile v1


skdb@^0.0.54:
  version "0.0.54"
  resolved "https://registry.yarnpkg.com/skdb/-/skdb-0.0.54.tgz#07e26b5c5140efdf6eba96c715fccbf77ad3c1a3"
  integrity sha512-u2RwQyXysl8pmXHA2DdQNJ0fTCjqZ+qwDa0vIkk82iSrDQgNKWL96mz84HJ8pD8RE40V63Qk4P7hrzxLlQc+vg==
  dependencies:
    ws "^8.12.0"

typescript@^5.0.2:
  version "5.2.2"
  resolved "https://registry.npmjs.org/typescript/-/typescript-5.2.2.tgz"
  integrity sha512-mI4WrpHsbCIcwT9cF4FZvr80QUeKvsUsUvKDoR+X/7XHQH98xYD8YHZg7ANtz2GtZt/CBq2QJ0thkGJMHfqc1w==

ws@^8.12.0:
  version "8.14.2"
  resolved "https://registry.npmjs.org/ws/-/ws-8.14.2.tgz"
  integrity sha512-wEBG1ftX4jcglPxgFCMJmZ2PLtSbJ2Peg6TmpJFTbe9GZYOQCDPdMYu/Tm0/bGZkw8paZnJY45J4K2PZrLYq8g==
