# THIS IS AN AUTOGENERATED FILE. DO NOT EDIT THIS FILE DIRECTLY.
# yarn lockfile v1


skdb@^0.0.44:
  version "0.0.44"
  resolved "https://registry.yarnpkg.com/skdb/-/skdb-0.0.44.tgz#b1f0f1018df65fa49443c256ba2a2a82236deb8c"
  integrity sha512-3TVQDlmTxor5NurvUqceH0qOZ6PBpshfmyuecAJl9PIzNzZscb1FJBq7eXGIOWrShhAlifpnsZZBdb9q1zuS0w==
  dependencies:
    ws "^8.12.0"

typescript@^5.0.2:
  version "5.2.2"
  resolved "https://registry.yarnpkg.com/typescript/-/typescript-5.2.2.tgz#5ebb5e5a5b75f085f22bc3f8460fba308310fa78"
  integrity sha512-mI4WrpHsbCIcwT9cF4FZvr80QUeKvsUsUvKDoR+X/7XHQH98xYD8YHZg7ANtz2GtZt/CBq2QJ0thkGJMHfqc1w==

ws@^8.12.0:
  version "8.14.2"
  resolved "https://registry.yarnpkg.com/ws/-/ws-8.14.2.tgz#6c249a806eb2db7a20d26d51e7709eab7b2e6c7f"
  integrity sha512-wEBG1ftX4jcglPxgFCMJmZ2PLtSbJ2Peg6TmpJFTbe9GZYOQCDPdMYu/Tm0/bGZkw8paZnJY45J4K2PZrLYq8g==
