# THIS IS AN AUTOGENERATED FILE. DO NOT EDIT THIS FILE DIRECTLY.
# yarn lockfile v1


skdb@^0.0.63:
  version "0.0.63"
  resolved "https://registry.yarnpkg.com/skdb/-/skdb-0.0.63.tgz#9a3647b2bfaa19b3e12dfa757c4989c583bd5ef7"
  integrity sha512-U7Hq7p/BintSCUaMN6Jm5YSulRPHy4OQKIkhKhi5EL1IN/FOS60tKhm8X7+FT4PsqydwiUaqcmD3KkMfYqaEGA==
  dependencies:
    ws "^8.12.0"

typescript@^5.0.2:
  version "5.2.2"
  resolved "https://registry.npmjs.org/typescript/-/typescript-5.2.2.tgz"
  integrity sha512-mI4WrpHsbCIcwT9cF4FZvr80QUeKvsUsUvKDoR+X/7XHQH98xYD8YHZg7ANtz2GtZt/CBq2QJ0thkGJMHfqc1w==

ws@^8.12.0:
  version "8.14.2"
  resolved "https://registry.npmjs.org/ws/-/ws-8.14.2.tgz"
  integrity sha512-wEBG1ftX4jcglPxgFCMJmZ2PLtSbJ2Peg6TmpJFTbe9GZYOQCDPdMYu/Tm0/bGZkw8paZnJY45J4K2PZrLYq8g==
