# THIS IS AN AUTOGENERATED FILE. DO NOT EDIT THIS FILE DIRECTLY.
# yarn lockfile v1


"@types/prop-types@*":
  version "15.7.7"
  resolved "https://registry.yarnpkg.com/@types/prop-types/-/prop-types-15.7.7.tgz#f9361f7b87fd5d8188b2c998db0a1f47e9fb391a"
  integrity sha512-FbtmBWCcSa2J4zL781Zf1p5YUBXQomPEcep9QZCfRfQgTxz3pJWiDFLebohZ9fFntX5ibzOkSsrJ0TEew8cAog==

"@types/react@^18.2.15":
  version "18.2.22"
  resolved "https://registry.yarnpkg.com/@types/react/-/react-18.2.22.tgz#abe778a1c95a07fa70df40a52d7300a40b949ccb"
  integrity sha512-60fLTOLqzarLED2O3UQImc/lsNRgG0jE/a1mPW9KjMemY0LMITWEsbS4VvZ4p6rorEHd5YKxxmMKSDK505GHpA==
  dependencies:
    "@types/prop-types" "*"
    "@types/scheduler" "*"
    csstype "^3.0.2"

"@types/scheduler@*":
  version "0.16.4"
  resolved "https://registry.yarnpkg.com/@types/scheduler/-/scheduler-0.16.4.tgz#fedc3e5b15c26dc18faae96bf1317487cb3658cf"
  integrity sha512-2L9ifAGl7wmXwP4v3pN4p2FLhD0O1qsJpvKmNin5VA8+UvNVb447UDaAEV6UdrkA+m/Xs58U1RFps44x6TFsVQ==

csstype@^3.0.2:
  version "3.1.2"
  resolved "https://registry.yarnpkg.com/csstype/-/csstype-3.1.2.tgz#1d4bf9d572f11c14031f0436e1c10bc1f571f50b"
  integrity sha512-I7K1Uu0MBPzaFKg4nI5Q7Vs2t+3gWWW648spaF+Rg7pI9ds18Ugn+lvg4SHczUdKlHI5LWBXyqfS8+DufyBsgQ==

"js-tokens@^3.0.0 || ^4.0.0":
  version "4.0.0"
  resolved "https://registry.yarnpkg.com/js-tokens/-/js-tokens-4.0.0.tgz#19203fb59991df98e3a287050d4647cdeaf32499"
  integrity sha512-RdJUflcE3cUzKiMqQgsCu06FPu9UdIJO0beYbPhHN4k6apgJtifcoCtT9bcxOpYBtpD2kCM6Sbzg4CausW/PKQ==

loose-envify@^1.1.0:
  version "1.4.0"
  resolved "https://registry.yarnpkg.com/loose-envify/-/loose-envify-1.4.0.tgz#71ee51fa7be4caec1a63839f7e682d8132d30caf"
  integrity sha512-lyuxPGr/Wfhrlem2CL/UcnUc1zcqKAImBDzukY7Y5F/yQiNdko6+fRLevlw1HgMySw7f611UIY408EtxRSoK3Q==
  dependencies:
    js-tokens "^3.0.0 || ^4.0.0"

react@^18.2.0:
  version "18.2.0"
  resolved "https://registry.yarnpkg.com/react/-/react-18.2.0.tgz#555bd98592883255fa00de14f1151a917b5d77d5"
  integrity sha512-/3IjMdb2L9QbBdWiW5e3P2/npwMBaU9mHCSCUzNln0ZCYbcfTsGbTJrU/kGemdH2IWmB2ioZ+zkxtmq6g09fGQ==
  dependencies:
    loose-envify "^1.1.0"

skdb@^0.0.49:
  version "0.0.49"
  resolved "https://registry.yarnpkg.com/skdb/-/skdb-0.0.49.tgz#46f71ba9ed035be0da80b1570cc6050b94971468"
  integrity sha512-meG5Kpl0RLhdVeqjs5FfJsKzhAtC9EMNCOXY5PzhbFz7Oi0c6aNXMLPoU/70O6xm8a2XsdnssRIrW6SnZxb7OQ==
  dependencies:
    ws "^8.12.0"

typescript@^5.0.2:
  version "5.2.2"
  resolved "https://registry.yarnpkg.com/typescript/-/typescript-5.2.2.tgz#5ebb5e5a5b75f085f22bc3f8460fba308310fa78"
  integrity sha512-mI4WrpHsbCIcwT9cF4FZvr80QUeKvsUsUvKDoR+X/7XHQH98xYD8YHZg7ANtz2GtZt/CBq2QJ0thkGJMHfqc1w==

ws@^8.12.0:
  version "8.14.2"
  resolved "https://registry.yarnpkg.com/ws/-/ws-8.14.2.tgz#6c249a806eb2db7a20d26d51e7709eab7b2e6c7f"
  integrity sha512-wEBG1ftX4jcglPxgFCMJmZ2PLtSbJ2Peg6TmpJFTbe9GZYOQCDPdMYu/Tm0/bGZkw8paZnJY45J4K2PZrLYq8g==
